
Microsoft Visual Studio Solution File, Format Version 12.00
# Visual Studio 2012
Project("{FAE04EC0-301F-11D3-BF4B-00C04F79EFBC}") = "Stext", "Stext.csproj", "{EDF1A946-3868-4126-9C04-9DF7B60D97CA}"
EndProject
Project("{FAE04EC0-301F-11D3-BF4B-00C04F79EFBC}") = "Securecom.Messaging.Net", "Securecom-Messaging-CSharp\Securecom.Messaging.CSharp\Securecom.Messaging.Net.csproj", "{2CC5830D-F86D-49A8-84F3-2E575ECB203A}"
EndProject
Global
	GlobalSection(SolutionConfigurationPlatforms) = preSolution
		Ad-Hoc|Any CPU = Ad-Hoc|Any CPU
		Ad-Hoc|iPhone = Ad-Hoc|iPhone
		Ad-Hoc|iPhoneSimulator = Ad-Hoc|iPhoneSimulator
		Ad-Hoc|Mixed Platforms = Ad-Hoc|Mixed Platforms
		AppStore|Any CPU = AppStore|Any CPU
		AppStore|iPhone = AppStore|iPhone
		AppStore|iPhoneSimulator = AppStore|iPhoneSimulator
		AppStore|Mixed Platforms = AppStore|Mixed Platforms
		Debug|Any CPU = Debug|Any CPU
		Debug|iPhone = Debug|iPhone
		Debug|iPhoneSimulator = Debug|iPhoneSimulator
		Debug|Mixed Platforms = Debug|Mixed Platforms
		Release|Any CPU = Release|Any CPU
		Release|iPhone = Release|iPhone
		Release|iPhoneSimulator = Release|iPhoneSimulator
		Release|Mixed Platforms = Release|Mixed Platforms
	EndGlobalSection
	GlobalSection(ProjectConfigurationPlatforms) = postSolution
		{2CC5830D-F86D-49A8-84F3-2E575ECB203A}.Ad-Hoc|Any CPU.ActiveCfg = Debug|Any CPU
		{2CC5830D-F86D-49A8-84F3-2E575ECB203A}.Ad-Hoc|Any CPU.Build.0 = Debug|Any CPU
		{2CC5830D-F86D-49A8-84F3-2E575ECB203A}.Ad-Hoc|iPhone.ActiveCfg = Release|Any CPU
		{2CC5830D-F86D-49A8-84F3-2E575ECB203A}.Ad-Hoc|iPhone.Build.0 = Release|Any CPU
		{2CC5830D-F86D-49A8-84F3-2E575ECB203A}.Ad-Hoc|iPhoneSimulator.ActiveCfg = Debug|Any CPU
		{2CC5830D-F86D-49A8-84F3-2E575ECB203A}.Ad-Hoc|iPhoneSimulator.Build.0 = Debug|Any CPU
		{2CC5830D-F86D-49A8-84F3-2E575ECB203A}.Ad-Hoc|Mixed Platforms.ActiveCfg = Debug|Any CPU
		{2CC5830D-F86D-49A8-84F3-2E575ECB203A}.Ad-Hoc|Mixed Platforms.Build.0 = Debug|Any CPU
		{2CC5830D-F86D-49A8-84F3-2E575ECB203A}.AppStore|Any CPU.ActiveCfg = Debug|Any CPU
		{2CC5830D-F86D-49A8-84F3-2E575ECB203A}.AppStore|Any CPU.Build.0 = Debug|Any CPU
		{2CC5830D-F86D-49A8-84F3-2E575ECB203A}.AppStore|iPhone.ActiveCfg = Release|Any CPU
		{2CC5830D-F86D-49A8-84F3-2E575ECB203A}.AppStore|iPhone.Build.0 = Release|Any CPU
		{2CC5830D-F86D-49A8-84F3-2E575ECB203A}.AppStore|iPhoneSimulator.ActiveCfg = Debug|Any CPU
		{2CC5830D-F86D-49A8-84F3-2E575ECB203A}.AppStore|iPhoneSimulator.Build.0 = Debug|Any CPU
		{2CC5830D-F86D-49A8-84F3-2E575ECB203A}.AppStore|Mixed Platforms.ActiveCfg = Debug|Any CPU
		{2CC5830D-F86D-49A8-84F3-2E575ECB203A}.AppStore|Mixed Platforms.Build.0 = Debug|Any CPU
		{2CC5830D-F86D-49A8-84F3-2E575ECB203A}.Debug|Any CPU.ActiveCfg = Debug|Any CPU
		{2CC5830D-F86D-49A8-84F3-2E575ECB203A}.Debug|Any CPU.Build.0 = Debug|Any CPU
		{2CC5830D-F86D-49A8-84F3-2E575ECB203A}.Debug|iPhone.ActiveCfg = Debug|Any CPU
		{2CC5830D-F86D-49A8-84F3-2E575ECB203A}.Debug|iPhone.Build.0 = Debug|Any CPU
		{2CC5830D-F86D-49A8-84F3-2E575ECB203A}.Debug|iPhoneSimulator.ActiveCfg = Debug|Any CPU
		{2CC5830D-F86D-49A8-84F3-2E575ECB203A}.Debug|iPhoneSimulator.Build.0 = Debug|Any CPU
		{2CC5830D-F86D-49A8-84F3-2E575ECB203A}.Debug|Mixed Platforms.ActiveCfg = Debug|Any CPU
		{2CC5830D-F86D-49A8-84F3-2E575ECB203A}.Debug|Mixed Platforms.Build.0 = Debug|Any CPU
		{2CC5830D-F86D-49A8-84F3-2E575ECB203A}.Release|Any CPU.ActiveCfg = Release|Any CPU
		{2CC5830D-F86D-49A8-84F3-2E575ECB203A}.Release|Any CPU.Build.0 = Release|Any CPU
		{2CC5830D-F86D-49A8-84F3-2E575ECB203A}.Release|iPhone.ActiveCfg = Release|Any CPU
		{2CC5830D-F86D-49A8-84F3-2E575ECB203A}.Release|iPhone.Build.0 = Release|Any CPU
		{2CC5830D-F86D-49A8-84F3-2E575ECB203A}.Release|iPhoneSimulator.ActiveCfg = Release|Any CPU
		{2CC5830D-F86D-49A8-84F3-2E575ECB203A}.Release|iPhoneSimulator.Build.0 = Release|Any CPU
		{2CC5830D-F86D-49A8-84F3-2E575ECB203A}.Release|Mixed Platforms.ActiveCfg = Release|Any CPU
		{2CC5830D-F86D-49A8-84F3-2E575ECB203A}.Release|Mixed Platforms.Build.0 = Release|Any CPU
		{EDF1A946-3868-4126-9C04-9DF7B60D97CA}.Ad-Hoc|Any CPU.ActiveCfg = Ad-Hoc|iPhoneSimulator
		{EDF1A946-3868-4126-9C04-9DF7B60D97CA}.Ad-Hoc|iPhone.ActiveCfg = Ad-Hoc|iPhone
		{EDF1A946-3868-4126-9C04-9DF7B60D97CA}.Ad-Hoc|iPhone.Build.0 = Ad-Hoc|iPhone
		{EDF1A946-3868-4126-9C04-9DF7B60D97CA}.Ad-Hoc|iPhoneSimulator.ActiveCfg = Ad-Hoc|iPhoneSimulator
		{EDF1A946-3868-4126-9C04-9DF7B60D97CA}.Ad-Hoc|iPhoneSimulator.Build.0 = Ad-Hoc|iPhoneSimulator
		{EDF1A946-3868-4126-9C04-9DF7B60D97CA}.Ad-Hoc|Mixed Platforms.ActiveCfg = Ad-Hoc|iPhoneSimulator
		{EDF1A946-3868-4126-9C04-9DF7B60D97CA}.Ad-Hoc|Mixed Platforms.Build.0 = Ad-Hoc|iPhoneSimulator
		{EDF1A946-3868-4126-9C04-9DF7B60D97CA}.AppStore|Any CPU.ActiveCfg = AppStore|iPhoneSimulator
		{EDF1A946-3868-4126-9C04-9DF7B60D97CA}.AppStore|iPhone.ActiveCfg = AppStore|iPhone
		{EDF1A946-3868-4126-9C04-9DF7B60D97CA}.AppStore|iPhone.Build.0 = AppStore|iPhone
		{EDF1A946-3868-4126-9C04-9DF7B60D97CA}.AppStore|iPhoneSimulator.ActiveCfg = AppStore|iPhoneSimulator
		{EDF1A946-3868-4126-9C04-9DF7B60D97CA}.AppStore|iPhoneSimulator.Build.0 = AppStore|iPhoneSimulator
		{EDF1A946-3868-4126-9C04-9DF7B60D97CA}.AppStore|Mixed Platforms.ActiveCfg = AppStore|iPhoneSimulator
		{EDF1A946-3868-4126-9C04-9DF7B60D97CA}.AppStore|Mixed Platforms.Build.0 = AppStore|iPhoneSimulator
		{EDF1A946-3868-4126-9C04-9DF7B60D97CA}.Debug|Any CPU.ActiveCfg = Debug|iPhoneSimulator
		{EDF1A946-3868-4126-9C04-9DF7B60D97CA}.Debug|Any CPU.Build.0 = Debug|iPhoneSimulator
		{EDF1A946-3868-4126-9C04-9DF7B60D97CA}.Debug|iPhone.ActiveCfg = Debug|iPhone
		{EDF1A946-3868-4126-9C04-9DF7B60D97CA}.Debug|iPhone.Build.0 = Debug|iPhone
		{EDF1A946-3868-4126-9C04-9DF7B60D97CA}.Debug|iPhoneSimulator.ActiveCfg = Debug|iPhoneSimulator
		{EDF1A946-3868-4126-9C04-9DF7B60D97CA}.Debug|iPhoneSimulator.Build.0 = Debug|iPhoneSimulator
		{EDF1A946-3868-4126-9C04-9DF7B60D97CA}.Debug|Mixed Platforms.ActiveCfg = Debug|iPhoneSimulator
		{EDF1A946-3868-4126-9C04-9DF7B60D97CA}.Debug|Mixed Platforms.Build.0 = Debug|iPhoneSimulator
		{EDF1A946-3868-4126-9C04-9DF7B60D97CA}.Release|Any CPU.ActiveCfg = Release|iPhoneSimulator
		{EDF1A946-3868-4126-9C04-9DF7B60D97CA}.Release|iPhone.ActiveCfg = Release|iPhone
		{EDF1A946-3868-4126-9C04-9DF7B60D97CA}.Release|iPhone.Build.0 = Release|iPhone
		{EDF1A946-3868-4126-9C04-9DF7B60D97CA}.Release|iPhoneSimulator.ActiveCfg = Release|iPhoneSimulator
		{EDF1A946-3868-4126-9C04-9DF7B60D97CA}.Release|iPhoneSimulator.Build.0 = Release|iPhoneSimulator
		{EDF1A946-3868-4126-9C04-9DF7B60D97CA}.Release|Mixed Platforms.ActiveCfg = Release|iPhoneSimulator
		{EDF1A946-3868-4126-9C04-9DF7B60D97CA}.Release|Mixed Platforms.Build.0 = Release|iPhoneSimulator
	EndGlobalSection
	GlobalSection(SolutionProperties) = preSolution
		HideSolutionNode = FALSE
	EndGlobalSection
EndGlobal
